// !$*UTF8*$!
{
	archiveVersion = 1;
	classes = {
	};
	objectVersion = 50;
	objects = {

/* Begin PBXBuildFile section */
		18A5BAF024BE47D2009A881E /* TasksTableViewController.swift in Sources */ = {isa = PBXBuildFile; fileRef = 18A5BAEF24BE47D1009A881E /* TasksTableViewController.swift */; };
		18F48D2724BE3245008AEE97 /* AppDelegate.swift in Sources */ = {isa = PBXBuildFile; fileRef = 18F48D2624BE3245008AEE97 /* AppDelegate.swift */; };
		18F48D2924BE3245008AEE97 /* SceneDelegate.swift in Sources */ = {isa = PBXBuildFile; fileRef = 18F48D2824BE3245008AEE97 /* SceneDelegate.swift */; };
		18F48D2B24BE3245008AEE97 /* ViewController.swift in Sources */ = {isa = PBXBuildFile; fileRef = 18F48D2A24BE3245008AEE97 /* ViewController.swift */; };
		18F48D2E24BE3245008AEE97 /* Main.storyboard in Resources */ = {isa = PBXBuildFile; fileRef = 18F48D2C24BE3245008AEE97 /* Main.storyboard */; };
		18F48D3124BE3245008AEE97 /* Study_Break.xcdatamodeld in Sources */ = {isa = PBXBuildFile; fileRef = 18F48D2F24BE3245008AEE97 /* Study_Break.xcdatamodeld */; };
		18F48D3324BE3246008AEE97 /* Assets.xcassets in Resources */ = {isa = PBXBuildFile; fileRef = 18F48D3224BE3246008AEE97 /* Assets.xcassets */; };
		18F48D3624BE3246008AEE97 /* LaunchScreen.storyboard in Resources */ = {isa = PBXBuildFile; fileRef = 18F48D3424BE3246008AEE97 /* LaunchScreen.storyboard */; };
		18F48D4124BE3246008AEE97 /* Study_BreakTests.swift in Sources */ = {isa = PBXBuildFile; fileRef = 18F48D4024BE3246008AEE97 /* Study_BreakTests.swift */; };
		18F48D4C24BE3246008AEE97 /* Study_BreakUITests.swift in Sources */ = {isa = PBXBuildFile; fileRef = 18F48D4B24BE3246008AEE97 /* Study_BreakUITests.swift */; };
/* End PBXBuildFile section */

/* Begin PBXContainerItemProxy section */
		18F48D3D24BE3246008AEE97 /* PBXContainerItemProxy */ = {
			isa = PBXContainerItemProxy;
			containerPortal = 18F48D1B24BE3245008AEE97 /* Project object */;
			proxyType = 1;
			remoteGlobalIDString = 18F48D2224BE3245008AEE97;
			remoteInfo = "Study Break";
		};
		18F48D4824BE3246008AEE97 /* PBXContainerItemProxy */ = {
			isa = PBXContainerItemProxy;
			containerPortal = 18F48D1B24BE3245008AEE97 /* Project object */;
			proxyType = 1;
			remoteGlobalIDString = 18F48D2224BE3245008AEE97;
			remoteInfo = "Study Break";
		};
/* End PBXContainerItemProxy section */

/* Begin PBXFileReference section */
		18A5BAEF24BE47D1009A881E /* TasksTableViewController.swift */ = {isa = PBXFileReference; lastKnownFileType = sourcecode.swift; path = TasksTableViewController.swift; sourceTree = "<group>"; };
		18F48D2324BE3245008AEE97 /* Study Break.app */ = {isa = PBXFileReference; explicitFileType = wrapper.application; includeInIndex = 0; path = "Study Break.app"; sourceTree = BUILT_PRODUCTS_DIR; };
		18F48D2624BE3245008AEE97 /* AppDelegate.swift */ = {isa = PBXFileReference; lastKnownFileType = sourcecode.swift; path = AppDelegate.swift; sourceTree = "<group>"; };
		18F48D2824BE3245008AEE97 /* SceneDelegate.swift */ = {isa = PBXFileReference; lastKnownFileType = sourcecode.swift; path = SceneDelegate.swift; sourceTree = "<group>"; };
		18F48D2A24BE3245008AEE97 /* ViewController.swift */ = {isa = PBXFileReference; lastKnownFileType = sourcecode.swift; path = ViewController.swift; sourceTree = "<group>"; };
		18F48D2D24BE3245008AEE97 /* Base */ = {isa = PBXFileReference; lastKnownFileType = file.storyboard; name = Base; path = Base.lproj/Main.storyboard; sourceTree = "<group>"; };
		18F48D3024BE3245008AEE97 /* Study_Break.xcdatamodel */ = {isa = PBXFileReference; lastKnownFileType = wrapper.xcdatamodel; path = Study_Break.xcdatamodel; sourceTree = "<group>"; };
		18F48D3224BE3246008AEE97 /* Assets.xcassets */ = {isa = PBXFileReference; lastKnownFileType = folder.assetcatalog; path = Assets.xcassets; sourceTree = "<group>"; };
		18F48D3524BE3246008AEE97 /* Base */ = {isa = PBXFileReference; lastKnownFileType = file.storyboard; name = Base; path = Base.lproj/LaunchScreen.storyboard; sourceTree = "<group>"; };
		18F48D3724BE3246008AEE97 /* Info.plist */ = {isa = PBXFileReference; lastKnownFileType = text.plist.xml; path = Info.plist; sourceTree = "<group>"; };
		18F48D3C24BE3246008AEE97 /* Study BreakTests.xctest */ = {isa = PBXFileReference; explicitFileType = wrapper.cfbundle; includeInIndex = 0; path = "Study BreakTests.xctest"; sourceTree = BUILT_PRODUCTS_DIR; };
		18F48D4024BE3246008AEE97 /* Study_BreakTests.swift */ = {isa = PBXFileReference; lastKnownFileType = sourcecode.swift; path = Study_BreakTests.swift; sourceTree = "<group>"; };
		18F48D4224BE3246008AEE97 /* Info.plist */ = {isa = PBXFileReference; lastKnownFileType = text.plist.xml; path = Info.plist; sourceTree = "<group>"; };
		18F48D4724BE3246008AEE97 /* Study BreakUITests.xctest */ = {isa = PBXFileReference; explicitFileType = wrapper.cfbundle; includeInIndex = 0; path = "Study BreakUITests.xctest"; sourceTree = BUILT_PRODUCTS_DIR; };
		18F48D4B24BE3246008AEE97 /* Study_BreakUITests.swift */ = {isa = PBXFileReference; lastKnownFileType = sourcecode.swift; path = Study_BreakUITests.swift; sourceTree = "<group>"; };
		18F48D4D24BE3246008AEE97 /* Info.plist */ = {isa = PBXFileReference; lastKnownFileType = text.plist.xml; path = Info.plist; sourceTree = "<group>"; };
/* End PBXFileReference section */

/* Begin PBXFrameworksBuildPhase section */
		18F48D2024BE3245008AEE97 /* Frameworks */ = {
			isa = PBXFrameworksBuildPhase;
			buildActionMask = 2147483647;
			files = (
			);
			runOnlyForDeploymentPostprocessing = 0;
		};
		18F48D3924BE3246008AEE97 /* Frameworks */ = {
			isa = PBXFrameworksBuildPhase;
			buildActionMask = 2147483647;
			files = (
			);
			runOnlyForDeploymentPostprocessing = 0;
		};
		18F48D4424BE3246008AEE97 /* Frameworks */ = {
			isa = PBXFrameworksBuildPhase;
			buildActionMask = 2147483647;
			files = (
			);
			runOnlyForDeploymentPostprocessing = 0;
		};
/* End PBXFrameworksBuildPhase section */

/* Begin PBXGroup section */
		18F48D1A24BE3245008AEE97 = {
			isa = PBXGroup;
			children = (
				18F48D2524BE3245008AEE97 /* Study Break */,
				18F48D3F24BE3246008AEE97 /* Study BreakTests */,
				18F48D4A24BE3246008AEE97 /* Study BreakUITests */,
				18F48D2424BE3245008AEE97 /* Products */,
			);
			sourceTree = "<group>";
		};
		18F48D2424BE3245008AEE97 /* Products */ = {
			isa = PBXGroup;
			children = (
				18F48D2324BE3245008AEE97 /* Study Break.app */,
				18F48D3C24BE3246008AEE97 /* Study BreakTests.xctest */,
				18F48D4724BE3246008AEE97 /* Study BreakUITests.xctest */,
			);
			name = Products;
			sourceTree = "<group>";
		};
		18F48D2524BE3245008AEE97 /* Study Break */ = {
			isa = PBXGroup;
			children = (
				18F48D2624BE3245008AEE97 /* AppDelegate.swift */,
				18F48D2824BE3245008AEE97 /* SceneDelegate.swift */,
				18F48D2A24BE3245008AEE97 /* ViewController.swift */,
				18F48D2C24BE3245008AEE97 /* Main.storyboard */,
				18A5BAEF24BE47D1009A881E /* TasksTableViewController.swift */,
				18F48D3224BE3246008AEE97 /* Assets.xcassets */,
				18F48D3424BE3246008AEE97 /* LaunchScreen.storyboard */,
				18F48D3724BE3246008AEE97 /* Info.plist */,
				18F48D2F24BE3245008AEE97 /* Study_Break.xcdatamodeld */,
			);
			path = "Study Break";
			sourceTree = "<group>";
		};
		18F48D3F24BE3246008AEE97 /* Study BreakTests */ = {
			isa = PBXGroup;
			children = (
				18F48D4024BE3246008AEE97 /* Study_BreakTests.swift */,
				18F48D4224BE3246008AEE97 /* Info.plist */,
			);
			path = "Study BreakTests";
			sourceTree = "<group>";
		};
		18F48D4A24BE3246008AEE97 /* Study BreakUITests */ = {
			isa = PBXGroup;
			children = (
				18F48D4B24BE3246008AEE97 /* Study_BreakUITests.swift */,
				18F48D4D24BE3246008AEE97 /* Info.plist */,
			);
			path = "Study BreakUITests";
			sourceTree = "<group>";
		};
/* End PBXGroup section */

/* Begin PBXNativeTarget section */
		18F48D2224BE3245008AEE97 /* Study Break */ = {
			isa = PBXNativeTarget;
			buildConfigurationList = 18F48D5024BE3246008AEE97 /* Build configuration list for PBXNativeTarget "Study Break" */;
			buildPhases = (
				18F48D1F24BE3245008AEE97 /* Sources */,
				18F48D2024BE3245008AEE97 /* Frameworks */,
				18F48D2124BE3245008AEE97 /* Resources */,
			);
			buildRules = (
			);
			dependencies = (
			);
			name = "Study Break";
			productName = "Study Break";
			productReference = 18F48D2324BE3245008AEE97 /* Study Break.app */;
			productType = "com.apple.product-type.application";
		};
		18F48D3B24BE3246008AEE97 /* Study BreakTests */ = {
			isa = PBXNativeTarget;
			buildConfigurationList = 18F48D5324BE3246008AEE97 /* Build configuration list for PBXNativeTarget "Study BreakTests" */;
			buildPhases = (
				18F48D3824BE3246008AEE97 /* Sources */,
				18F48D3924BE3246008AEE97 /* Frameworks */,
				18F48D3A24BE3246008AEE97 /* Resources */,
			);
			buildRules = (
			);
			dependencies = (
				18F48D3E24BE3246008AEE97 /* PBXTargetDependency */,
			);
			name = "Study BreakTests";
			productName = "Study BreakTests";
			productReference = 18F48D3C24BE3246008AEE97 /* Study BreakTests.xctest */;
			productType = "com.apple.product-type.bundle.unit-test";
		};
		18F48D4624BE3246008AEE97 /* Study BreakUITests */ = {
			isa = PBXNativeTarget;
			buildConfigurationList = 18F48D5624BE3246008AEE97 /* Build configuration list for PBXNativeTarget "Study BreakUITests" */;
			buildPhases = (
				18F48D4324BE3246008AEE97 /* Sources */,
				18F48D4424BE3246008AEE97 /* Frameworks */,
				18F48D4524BE3246008AEE97 /* Resources */,
			);
			buildRules = (
			);
			dependencies = (
				18F48D4924BE3246008AEE97 /* PBXTargetDependency */,
			);
			name = "Study BreakUITests";
			productName = "Study BreakUITests";
			productReference = 18F48D4724BE3246008AEE97 /* Study BreakUITests.xctest */;
			productType = "com.apple.product-type.bundle.ui-testing";
		};
/* End PBXNativeTarget section */

/* Begin PBXProject section */
		18F48D1B24BE3245008AEE97 /* Project object */ = {
			isa = PBXProject;
			attributes = {
				LastSwiftUpdateCheck = 1150;
				LastUpgradeCheck = 1150;
				ORGANIZATIONNAME = Apple;
				TargetAttributes = {
					18F48D2224BE3245008AEE97 = {
						CreatedOnToolsVersion = 11.5;
					};
					18F48D3B24BE3246008AEE97 = {
						CreatedOnToolsVersion = 11.5;
						TestTargetID = 18F48D2224BE3245008AEE97;
					};
					18F48D4624BE3246008AEE97 = {
						CreatedOnToolsVersion = 11.5;
						TestTargetID = 18F48D2224BE3245008AEE97;
					};
				};
			};
			buildConfigurationList = 18F48D1E24BE3245008AEE97 /* Build configuration list for PBXProject "Study Break" */;
			compatibilityVersion = "Xcode 9.3";
			developmentRegion = en;
			hasScannedForEncodings = 0;
			knownRegions = (
				en,
				Base,
			);
			mainGroup = 18F48D1A24BE3245008AEE97;
			productRefGroup = 18F48D2424BE3245008AEE97 /* Products */;
			projectDirPath = "";
			projectRoot = "";
			targets = (
				18F48D2224BE3245008AEE97 /* Study Break */,
				18F48D3B24BE3246008AEE97 /* Study BreakTests */,
				18F48D4624BE3246008AEE97 /* Study BreakUITests */,
			);
		};
/* End PBXProject section */

/* Begin PBXResourcesBuildPhase section */
		18F48D2124BE3245008AEE97 /* Resources */ = {
			isa = PBXResourcesBuildPhase;
			buildActionMask = 2147483647;
			files = (
				18F48D3624BE3246008AEE97 /* LaunchScreen.storyboard in Resources */,
				18F48D3324BE3246008AEE97 /* Assets.xcassets in Resources */,
				18F48D2E24BE3245008AEE97 /* Main.storyboard in Resources */,
			);
			runOnlyForDeploymentPostprocessing = 0;
		};
		18F48D3A24BE3246008AEE97 /* Resources */ = {
			isa = PBXResourcesBuildPhase;
			buildActionMask = 2147483647;
			files = (
			);
			runOnlyForDeploymentPostprocessing = 0;
		};
		18F48D4524BE3246008AEE97 /* Resources */ = {
			isa = PBXResourcesBuildPhase;
			buildActionMask = 2147483647;
			files = (
			);
			runOnlyForDeploymentPostprocessing = 0;
		};
/* End PBXResourcesBuildPhase section */

/* Begin PBXSourcesBuildPhase section */
		18F48D1F24BE3245008AEE97 /* Sources */ = {
			isa = PBXSourcesBuildPhase;
			buildActionMask = 2147483647;
			files = (
				18F48D2B24BE3245008AEE97 /* ViewController.swift in Sources */,
				18A5BAF024BE47D2009A881E /* TasksTableViewController.swift in Sources */,
				18F48D3124BE3245008AEE97 /* Study_Break.xcdatamodeld in Sources */,
				18F48D2724BE3245008AEE97 /* AppDelegate.swift in Sources */,
				18F48D2924BE3245008AEE97 /* SceneDelegate.swift in Sources */,
			);
			runOnlyForDeploymentPostprocessing = 0;
		};
		18F48D3824BE3246008AEE97 /* Sources */ = {
			isa = PBXSourcesBuildPhase;
			buildActionMask = 2147483647;
			files = (
				18F48D4124BE3246008AEE97 /* Study_BreakTests.swift in Sources */,
			);
			runOnlyForDeploymentPostprocessing = 0;
		};
		18F48D4324BE3246008AEE97 /* Sources */ = {
			isa = PBXSourcesBuildPhase;
			buildActionMask = 2147483647;
			files = (
				18F48D4C24BE3246008AEE97 /* Study_BreakUITests.swift in Sources */,
			);
			runOnlyForDeploymentPostprocessing = 0;
		};
/* End PBXSourcesBuildPhase section */

/* Begin PBXTargetDependency section */
		18F48D3E24BE3246008AEE97 /* PBXTargetDependency */ = {
			isa = PBXTargetDependency;
			target = 18F48D2224BE3245008AEE97 /* Study Break */;
			targetProxy = 18F48D3D24BE3246008AEE97 /* PBXContainerItemProxy */;
		};
		18F48D4924BE3246008AEE97 /* PBXTargetDependency */ = {
			isa = PBXTargetDependency;
			target = 18F48D2224BE3245008AEE97 /* Study Break */;
			targetProxy = 18F48D4824BE3246008AEE97 /* PBXContainerItemProxy */;
		};
/* End PBXTargetDependency section */

/* Begin PBXVariantGroup section */
		18F48D2C24BE3245008AEE97 /* Main.storyboard */ = {
			isa = PBXVariantGroup;
			children = (
				18F48D2D24BE3245008AEE97 /* Base */,
			);
			name = Main.storyboard;
			sourceTree = "<group>";
		};
		18F48D3424BE3246008AEE97 /* LaunchScreen.storyboard */ = {
			isa = PBXVariantGroup;
			children = (
				18F48D3524BE3246008AEE97 /* Base */,
			);
			name = LaunchScreen.storyboard;
			sourceTree = "<group>";
		};
/* End PBXVariantGroup section */

/* Begin XCBuildConfiguration section */
		18F48D4E24BE3246008AEE97 /* Debug */ = {
			isa = XCBuildConfiguration;
			buildSettings = {
				ALWAYS_SEARCH_USER_PATHS = NO;
				CLANG_ANALYZER_NONNULL = YES;
				CLANG_ANALYZER_NUMBER_OBJECT_CONVERSION = YES_AGGRESSIVE;
				CLANG_CXX_LANGUAGE_STANDARD = "gnu++14";
				CLANG_CXX_LIBRARY = "libc++";
				CLANG_ENABLE_MODULES = YES;
				CLANG_ENABLE_OBJC_ARC = YES;
				CLANG_ENABLE_OBJC_WEAK = YES;
				CLANG_WARN_BLOCK_CAPTURE_AUTORELEASING = YES;
				CLANG_WARN_BOOL_CONVERSION = YES;
				CLANG_WARN_COMMA = YES;
				CLANG_WARN_CONSTANT_CONVERSION = YES;
				CLANG_WARN_DEPRECATED_OBJC_IMPLEMENTATIONS = YES;
				CLANG_WARN_DIRECT_OBJC_ISA_USAGE = YES_ERROR;
				CLANG_WARN_DOCUMENTATION_COMMENTS = YES;
				CLANG_WARN_EMPTY_BODY = YES;
				CLANG_WARN_ENUM_CONVERSION = YES;
				CLANG_WARN_INFINITE_RECURSION = YES;
				CLANG_WARN_INT_CONVERSION = YES;
				CLANG_WARN_NON_LITERAL_NULL_CONVERSION = YES;
				CLANG_WARN_OBJC_IMPLICIT_RETAIN_SELF = YES;
				CLANG_WARN_OBJC_LITERAL_CONVERSION = YES;
				CLANG_WARN_OBJC_ROOT_CLASS = YES_ERROR;
				CLANG_WARN_RANGE_LOOP_ANALYSIS = YES;
				CLANG_WARN_STRICT_PROTOTYPES = YES;
				CLANG_WARN_SUSPICIOUS_MOVE = YES;
				CLANG_WARN_UNGUARDED_AVAILABILITY = YES_AGGRESSIVE;
				CLANG_WARN_UNREACHABLE_CODE = YES;
				CLANG_WARN__DUPLICATE_METHOD_MATCH = YES;
				COPY_PHASE_STRIP = NO;
				DEBUG_INFORMATION_FORMAT = dwarf;
				ENABLE_STRICT_OBJC_MSGSEND = YES;
				ENABLE_TESTABILITY = YES;
				GCC_C_LANGUAGE_STANDARD = gnu11;
				GCC_DYNAMIC_NO_PIC = NO;
				GCC_NO_COMMON_BLOCKS = YES;
				GCC_OPTIMIZATION_LEVEL = 0;
				GCC_PREPROCESSOR_DEFINITIONS = (
					"DEBUG=1",
					"$(inherited)",
				);
				GCC_WARN_64_TO_32_BIT_CONVERSION = YES;
				GCC_WARN_ABOUT_RETURN_TYPE = YES_ERROR;
				GCC_WARN_UNDECLARED_SELECTOR = YES;
				GCC_WARN_UNINITIALIZED_AUTOS = YES_AGGRESSIVE;
				GCC_WARN_UNUSED_FUNCTION = YES;
				GCC_WARN_UNUSED_VARIABLE = YES;
				IPHONEOS_DEPLOYMENT_TARGET = 13.5;
				MTL_ENABLE_DEBUG_INFO = INCLUDE_SOURCE;
				MTL_FAST_MATH = YES;
				ONLY_ACTIVE_ARCH = YES;
				SDKROOT = iphoneos;
				SWIFT_ACTIVE_COMPILATION_CONDITIONS = DEBUG;
				SWIFT_OPTIMIZATION_LEVEL = "-Onone";
			};
			name = Debug;
		};
		18F48D4F24BE3246008AEE97 /* Release */ = {
			isa = XCBuildConfiguration;
			buildSettings = {
				ALWAYS_SEARCH_USER_PATHS = NO;
				CLANG_ANALYZER_NONNULL = YES;
				CLANG_ANALYZER_NUMBER_OBJECT_CONVERSION = YES_AGGRESSIVE;
				CLANG_CXX_LANGUAGE_STANDARD = "gnu++14";
				CLANG_CXX_LIBRARY = "libc++";
				CLANG_ENABLE_MODULES = YES;
				CLANG_ENABLE_OBJC_ARC = YES;
				CLANG_ENABLE_OBJC_WEAK = YES;
				CLANG_WARN_BLOCK_CAPTURE_AUTORELEASING = YES;
				CLANG_WARN_BOOL_CONVERSION = YES;
				CLANG_WARN_COMMA = YES;
				CLANG_WARN_CONSTANT_CONVERSION = YES;
				CLANG_WARN_DEPRECATED_OBJC_IMPLEMENTATIONS = YES;
				CLANG_WARN_DIRECT_OBJC_ISA_USAGE = YES_ERROR;
				CLANG_WARN_DOCUMENTATION_COMMENTS = YES;
				CLANG_WARN_EMPTY_BODY = YES;
				CLANG_WARN_ENUM_CONVERSION = YES;
				CLANG_WARN_INFINITE_RECURSION = YES;
				CLANG_WARN_INT_CONVERSION = YES;
				CLANG_WARN_NON_LITERAL_NULL_CONVERSION = YES;
				CLANG_WARN_OBJC_IMPLICIT_RETAIN_SELF = YES;
				CLANG_WARN_OBJC_LITERAL_CONVERSION = YES;
				CLANG_WARN_OBJC_ROOT_CLASS = YES_ERROR;
				CLANG_WARN_RANGE_LOOP_ANALYSIS = YES;
				CLANG_WARN_STRICT_PROTOTYPES = YES;
				CLANG_WARN_SUSPICIOUS_MOVE = YES;
				CLANG_WARN_UNGUARDED_AVAILABILITY = YES_AGGRESSIVE;
				CLANG_WARN_UNREACHABLE_CODE = YES;
				CLANG_WARN__DUPLICATE_METHOD_MATCH = YES;
				COPY_PHASE_STRIP = NO;
				DEBUG_INFORMATION_FORMAT = "dwarf-with-dsym";
				ENABLE_NS_ASSERTIONS = NO;
				ENABLE_STRICT_OBJC_MSGSEND = YES;
				GCC_C_LANGUAGE_STANDARD = gnu11;
				GCC_NO_COMMON_BLOCKS = YES;
				GCC_WARN_64_TO_32_BIT_CONVERSION = YES;
				GCC_WARN_ABOUT_RETURN_TYPE = YES_ERROR;
				GCC_WARN_UNDECLARED_SELECTOR = YES;
				GCC_WARN_UNINITIALIZED_AUTOS = YES_AGGRESSIVE;
				GCC_WARN_UNUSED_FUNCTION = YES;
				GCC_WARN_UNUSED_VARIABLE = YES;
				IPHONEOS_DEPLOYMENT_TARGET = 13.5;
				MTL_ENABLE_DEBUG_INFO = NO;
				MTL_FAST_MATH = YES;
				SDKROOT = iphoneos;
				SWIFT_COMPILATION_MODE = wholemodule;
				SWIFT_OPTIMIZATION_LEVEL = "-O";
				VALIDATE_PRODUCT = YES;
			};
			name = Release;
		};
		18F48D5124BE3246008AEE97 /* Debug */ = {
			isa = XCBuildConfiguration;
			buildSettings = {
				ASSETCATALOG_COMPILER_APPICON_NAME = AppIcon;
				CODE_SIGN_STYLE = Automatic;
				DEVELOPMENT_TEAM = 9TYM7CAUWW;
				INFOPLIST_FILE = "Study Break/Info.plist";
				LD_RUNPATH_SEARCH_PATHS = (
					"$(inherited)",
					"@executable_path/Frameworks",
				);
				PRODUCT_BUNDLE_IDENTIFIER = "KWK.Study-Break";
				PRODUCT_NAME = "Study Break";
				SWIFT_VERSION = 5.0;
				TARGETED_DEVICE_FAMILY = "1,2";
			};
			name = Debug;
		};
		18F48D5224BE3246008AEE97 /* Release */ = {
			isa = XCBuildConfiguration;
			buildSettings = {
				ASSETCATALOG_COMPILER_APPICON_NAME = AppIcon;
				CODE_SIGN_STYLE = Automatic;
				DEVELOPMENT_TEAM = 9TYM7CAUWW;
				INFOPLIST_FILE = "Study Break/Info.plist";
				LD_RUNPATH_SEARCH_PATHS = (
					"$(inherited)",
					"@executable_path/Frameworks",
				);
				PRODUCT_BUNDLE_IDENTIFIER = "KWK.Study-Break";
				PRODUCT_NAME = "Study Break";
				SWIFT_VERSION = 5.0;
				TARGETED_DEVICE_FAMILY = "1,2";
			};
			name = Release;
		};
		18F48D5424BE3246008AEE97 /* Debug */ = {
			isa = XCBuildConfiguration;
			buildSettings = {
				ALWAYS_EMBED_SWIFT_STANDARD_LIBRARIES = YES;
				BUNDLE_LOADER = "$(TEST_HOST)";
				CODE_SIGN_STYLE = Automatic;
				INFOPLIST_FILE = "Study BreakTests/Info.plist";
				IPHONEOS_DEPLOYMENT_TARGET = 13.5;
				LD_RUNPATH_SEARCH_PATHS = (
					"$(inherited)",
					"@executable_path/Frameworks",
					"@loader_path/Frameworks",
				);
				PRODUCT_BUNDLE_IDENTIFIER = "KWK.Study-BreakTests";
				PRODUCT_NAME = "$(TARGET_NAME)";
				SWIFT_VERSION = 5.0;
				TARGETED_DEVICE_FAMILY = "1,2";
				TEST_HOST = "$(BUILT_PRODUCTS_DIR)/Study Break.app/Study Break";
			};
			name = Debug;
		};
		18F48D5524BE3246008AEE97 /* Release */ = {
			isa = XCBuildConfiguration;
			buildSettings = {
				ALWAYS_EMBED_SWIFT_STANDARD_LIBRARIES = YES;
				BUNDLE_LOADER = "$(TEST_HOST)";
				CODE_SIGN_STYLE = Automatic;
				INFOPLIST_FILE = "Study BreakTests/Info.plist";
				IPHONEOS_DEPLOYMENT_TARGET = 13.5;
				LD_RUNPATH_SEARCH_PATHS = (
					"$(inherited)",
					"@executable_path/Frameworks",
					"@loader_path/Frameworks",
				);
				PRODUCT_BUNDLE_IDENTIFIER = "KWK.Study-BreakTests";
				PRODUCT_NAME = "$(TARGET_NAME)";
				SWIFT_VERSION = 5.0;
				TARGETED_DEVICE_FAMILY = "1,2";
				TEST_HOST = "$(BUILT_PRODUCTS_DIR)/Study Break.app/Study Break";
			};
			name = Release;
		};
		18F48D5724BE3246008AEE97 /* Debug */ = {
			isa = XCBuildConfiguration;
			buildSettings = {
				ALWAYS_EMBED_SWIFT_STANDARD_LIBRARIES = YES;
				CODE_SIGN_STYLE = Automatic;
				INFOPLIST_FILE = "Study BreakUITests/Info.plist";
				LD_RUNPATH_SEARCH_PATHS = (
					"$(inherited)",
					"@executable_path/Frameworks",
					"@loader_path/Frameworks",
				);
				PRODUCT_BUNDLE_IDENTIFIER = "KWK.Study-BreakUITests";
				PRODUCT_NAME = "$(TARGET_NAME)";
				SWIFT_VERSION = 5.0;
				TARGETED_DEVICE_FAMILY = "1,2";
				TEST_TARGET_NAME = "Study Break";
			};
			name = Debug;
		};
		18F48D5824BE3246008AEE97 /* Release */ = {
			isa = XCBuildConfiguration;
			buildSettings = {
				ALWAYS_EMBED_SWIFT_STANDARD_LIBRARIES = YES;
				CODE_SIGN_STYLE = Automatic;
				INFOPLIST_FILE = "Study BreakUITests/Info.plist";
				LD_RUNPATH_SEARCH_PATHS = (
					"$(inherited)",
					"@executable_path/Frameworks",
					"@loader_path/Frameworks",
				);
				PRODUCT_BUNDLE_IDENTIFIER = "KWK.Study-BreakUITests";
				PRODUCT_NAME = "$(TARGET_NAME)";
				SWIFT_VERSION = 5.0;
				TARGETED_DEVICE_FAMILY = "1,2";
				TEST_TARGET_NAME = "Study Break";
			};
			name = Release;
		};
/* End XCBuildConfiguration section */

/* Begin XCConfigurationList section */
		18F48D1E24BE3245008AEE97 /* Build configuration list for PBXProject "Study Break" */ = {
			isa = XCConfigurationList;
			buildConfigurations = (
				18F48D4E24BE3246008AEE97 /* Debug */,
				18F48D4F24BE3246008AEE97 /* Release */,
			);
			defaultConfigurationIsVisible = 0;
			defaultConfigurationName = Release;
		};
		18F48D5024BE3246008AEE97 /* Build configuration list for PBXNativeTarget "Study Break" */ = {
			isa = XCConfigurationList;
			buildConfigurations = (
				18F48D5124BE3246008AEE97 /* Debug */,
				18F48D5224BE3246008AEE97 /* Release */,
			);
			defaultConfigurationIsVisible = 0;
			defaultConfigurationName = Release;
		};
		18F48D5324BE3246008AEE97 /* Build configuration list for PBXNativeTarget "Study BreakTests" */ = {
			isa = XCConfigurationList;
			buildConfigurations = (
				18F48D5424BE3246008AEE97 /* Debug */,
				18F48D5524BE3246008AEE97 /* Release */,
			);
			defaultConfigurationIsVisible = 0;
			defaultConfigurationName = Release;
		};
		18F48D5624BE3246008AEE97 /* Build configuration list for PBXNativeTarget "Study BreakUITests" */ = {
			isa = XCConfigurationList;
			buildConfigurations = (
				18F48D5724BE3246008AEE97 /* Debug */,
				18F48D5824BE3246008AEE97 /* Release */,
			);
			defaultConfigurationIsVisible = 0;
			defaultConfigurationName = Release;
		};
/* End XCConfigurationList section */

/* Begin XCVersionGroup section */
		18F48D2F24BE3245008AEE97 /* Study_Break.xcdatamodeld */ = {
			isa = XCVersionGroup;
			children = (
				18F48D3024BE3245008AEE97 /* Study_Break.xcdatamodel */,
			);
			currentVersion = 18F48D3024BE3245008AEE97 /* Study_Break.xcdatamodel */;
			path = Study_Break.xcdatamodeld;
			sourceTree = "<group>";
			versionGroupType = wrapper.xcdatamodel;
		};
/* End XCVersionGroup section */
	};
	rootObject = 18F48D1B24BE3245008AEE97 /* Project object */;
}
